
Microsoft Visual Studio Solution File, Format Version 12.00
# Visual Studio Version 17
VisualStudioVersion = 17.14.36429.23 d17.14
MinimumVisualStudioVersion = 10.0.40219.1
Project("{FAE04EC0-301F-11D3-BF4B-00C04F79EFBC}") = "TB3.WebApi", "TB3.WebApi\TB3.WebApi.csproj", "{3719199B-B1C5-41A7-980A-77834EC79DA2}"
EndProject
Project("{FAE04EC0-301F-11D3-BF4B-00C04F79EFBC}") = "TB3.WebApi.Database", "TB3.WebApi.Database\TB3.WebApi.Database.csproj", "{A6CA1B04-9D43-4EF4-822E-78E0EC9FED79}"
EndProject
Global
	GlobalSection(SolutionConfigurationPlatforms) = preSolution
		Debug|Any CPU = Debug|Any CPU
		Release|Any CPU = Release|Any CPU
	EndGlobalSection
	GlobalSection(ProjectConfigurationPlatforms) = postSolution
		{3719199B-B1C5-41A7-980A-77834EC79DA2}.Debug|Any CPU.ActiveCfg = Debug|Any CPU
		{3719199B-B1C5-41A7-980A-77834EC79DA2}.Debug|Any CPU.Build.0 = Debug|Any CPU
		{3719199B-B1C5-41A7-980A-77834EC79DA2}.Release|Any CPU.ActiveCfg = Release|Any CPU
		{3719199B-B1C5-41A7-980A-77834EC79DA2}.Release|Any CPU.Build.0 = Release|Any CPU
		{A6CA1B04-9D43-4EF4-822E-78E0EC9FED79}.Debug|Any CPU.ActiveCfg = Debug|Any CPU
		{A6CA1B04-9D43-4EF4-822E-78E0EC9FED79}.Debug|Any CPU.Build.0 = Debug|Any CPU
		{A6CA1B04-9D43-4EF4-822E-78E0EC9FED79}.Release|Any CPU.ActiveCfg = Release|Any CPU
		{A6CA1B04-9D43-4EF4-822E-78E0EC9FED79}.Release|Any CPU.Build.0 = Release|Any CPU
	EndGlobalSection
	GlobalSection(SolutionProperties) = preSolution
		HideSolutionNode = FALSE
	EndGlobalSection
	GlobalSection(ExtensibilityGlobals) = postSolution
		SolutionGuid = {5C8A7930-72F0-4BFE-9CC6-1E483D085EA7}
	EndGlobalSection
EndGlobal
